
Microsoft Visual Studio Solution File, Format Version 12.00
# Visual Studio Version 17
VisualStudioVersion = 17.6.33723.286
MinimumVisualStudioVersion = 10.0.40219.1
Project("{FAE04EC0-301F-11D3-BF4B-00C04F79EFBC}") = "BF2GamespyRedirector", "BF2GamespyRedirector\BF2GamespyRedirector.csproj", "{CA56F3F9-E159-4A6F-A06C-AF31AD72E1DB}"
EndProject
Project("{C7167F0D-BC9F-4E6E-AFE1-012C56B48DB5}") = "Installer", "Installer\Installer.wapproj", "{319883C3-7135-428A-977F-ADA27EE84010}"
EndProject
Global
	GlobalSection(SolutionConfigurationPlatforms) = preSolution
		CD_ROM|Any CPU = CD_ROM|Any CPU
		CD_ROM|ARM = CD_ROM|ARM
		CD_ROM|ARM64 = CD_ROM|ARM64
		CD_ROM|x64 = CD_ROM|x64
		CD_ROM|x86 = CD_ROM|x86
		Debug|Any CPU = Debug|Any CPU
		Debug|ARM = Debug|ARM
		Debug|ARM64 = Debug|ARM64
		Debug|x64 = Debug|x64
		Debug|x86 = Debug|x86
		DVD-5|Any CPU = DVD-5|Any CPU
		DVD-5|ARM = DVD-5|ARM
		DVD-5|ARM64 = DVD-5|ARM64
		DVD-5|x64 = DVD-5|x64
		DVD-5|x86 = DVD-5|x86
		Release|Any CPU = Release|Any CPU
		Release|ARM = Release|ARM
		Release|ARM64 = Release|ARM64
		Release|x64 = Release|x64
		Release|x86 = Release|x86
		SingleImage|Any CPU = SingleImage|Any CPU
		SingleImage|ARM = SingleImage|ARM
		SingleImage|ARM64 = SingleImage|ARM64
		SingleImage|x64 = SingleImage|x64
		SingleImage|x86 = SingleImage|x86
	EndGlobalSection
	GlobalSection(ProjectConfigurationPlatforms) = postSolution
		{CA56F3F9-E159-4A6F-A06C-AF31AD72E1DB}.CD_ROM|Any CPU.ActiveCfg = Release|Any CPU
		{CA56F3F9-E159-4A6F-A06C-AF31AD72E1DB}.CD_ROM|Any CPU.Build.0 = Release|Any CPU
		{CA56F3F9-E159-4A6F-A06C-AF31AD72E1DB}.CD_ROM|ARM.ActiveCfg = Debug|Any CPU
		{CA56F3F9-E159-4A6F-A06C-AF31AD72E1DB}.CD_ROM|ARM.Build.0 = Debug|Any CPU
		{CA56F3F9-E159-4A6F-A06C-AF31AD72E1DB}.CD_ROM|ARM64.ActiveCfg = Debug|Any CPU
		{CA56F3F9-E159-4A6F-A06C-AF31AD72E1DB}.CD_ROM|ARM64.Build.0 = Debug|Any CPU
		{CA56F3F9-E159-4A6F-A06C-AF31AD72E1DB}.CD_ROM|x64.ActiveCfg = Debug|Any CPU
		{CA56F3F9-E159-4A6F-A06C-AF31AD72E1DB}.CD_ROM|x64.Build.0 = Debug|Any CPU
		{CA56F3F9-E159-4A6F-A06C-AF31AD72E1DB}.CD_ROM|x86.ActiveCfg = Debug|Any CPU
		{CA56F3F9-E159-4A6F-A06C-AF31AD72E1DB}.CD_ROM|x86.Build.0 = Debug|Any CPU
		{CA56F3F9-E159-4A6F-A06C-AF31AD72E1DB}.Debug|Any CPU.ActiveCfg = Debug|Any CPU
		{CA56F3F9-E159-4A6F-A06C-AF31AD72E1DB}.Debug|Any CPU.Build.0 = Debug|Any CPU
		{CA56F3F9-E159-4A6F-A06C-AF31AD72E1DB}.Debug|ARM.ActiveCfg = Debug|Any CPU
		{CA56F3F9-E159-4A6F-A06C-AF31AD72E1DB}.Debug|ARM.Build.0 = Debug|Any CPU
		{CA56F3F9-E159-4A6F-A06C-AF31AD72E1DB}.Debug|ARM64.ActiveCfg = Debug|Any CPU
		{CA56F3F9-E159-4A6F-A06C-AF31AD72E1DB}.Debug|ARM64.Build.0 = Debug|Any CPU
		{CA56F3F9-E159-4A6F-A06C-AF31AD72E1DB}.Debug|x64.ActiveCfg = Debug|Any CPU
		{CA56F3F9-E159-4A6F-A06C-AF31AD72E1DB}.Debug|x64.Build.0 = Debug|Any CPU
		{CA56F3F9-E159-4A6F-A06C-AF31AD72E1DB}.Debug|x86.ActiveCfg = Debug|Any CPU
		{CA56F3F9-E159-4A6F-A06C-AF31AD72E1DB}.Debug|x86.Build.0 = Debug|Any CPU
		{CA56F3F9-E159-4A6F-A06C-AF31AD72E1DB}.DVD-5|Any CPU.ActiveCfg = Debug|Any CPU
		{CA56F3F9-E159-4A6F-A06C-AF31AD72E1DB}.DVD-5|Any CPU.Build.0 = Debug|Any CPU
		{CA56F3F9-E159-4A6F-A06C-AF31AD72E1DB}.DVD-5|ARM.ActiveCfg = Debug|Any CPU
		{CA56F3F9-E159-4A6F-A06C-AF31AD72E1DB}.DVD-5|ARM.Build.0 = Debug|Any CPU
		{CA56F3F9-E159-4A6F-A06C-AF31AD72E1DB}.DVD-5|ARM64.ActiveCfg = Debug|Any CPU
		{CA56F3F9-E159-4A6F-A06C-AF31AD72E1DB}.DVD-5|ARM64.Build.0 = Debug|Any CPU
		{CA56F3F9-E159-4A6F-A06C-AF31AD72E1DB}.DVD-5|x64.ActiveCfg = Debug|Any CPU
		{CA56F3F9-E159-4A6F-A06C-AF31AD72E1DB}.DVD-5|x64.Build.0 = Debug|Any CPU
		{CA56F3F9-E159-4A6F-A06C-AF31AD72E1DB}.DVD-5|x86.ActiveCfg = Debug|Any CPU
		{CA56F3F9-E159-4A6F-A06C-AF31AD72E1DB}.DVD-5|x86.Build.0 = Debug|Any CPU
		{CA56F3F9-E159-4A6F-A06C-AF31AD72E1DB}.Release|Any CPU.ActiveCfg = Release|Any CPU
		{CA56F3F9-E159-4A6F-A06C-AF31AD72E1DB}.Release|Any CPU.Build.0 = Release|Any CPU
		{CA56F3F9-E159-4A6F-A06C-AF31AD72E1DB}.Release|ARM.ActiveCfg = Release|Any CPU
		{CA56F3F9-E159-4A6F-A06C-AF31AD72E1DB}.Release|ARM.Build.0 = Release|Any CPU
		{CA56F3F9-E159-4A6F-A06C-AF31AD72E1DB}.Release|ARM64.ActiveCfg = Release|Any CPU
		{CA56F3F9-E159-4A6F-A06C-AF31AD72E1DB}.Release|ARM64.Build.0 = Release|Any CPU
		{CA56F3F9-E159-4A6F-A06C-AF31AD72E1DB}.Release|x64.ActiveCfg = Release|Any CPU
		{CA56F3F9-E159-4A6F-A06C-AF31AD72E1DB}.Release|x64.Build.0 = Release|Any CPU
		{CA56F3F9-E159-4A6F-A06C-AF31AD72E1DB}.Release|x86.ActiveCfg = Release|Any CPU
		{CA56F3F9-E159-4A6F-A06C-AF31AD72E1DB}.Release|x86.Build.0 = Release|Any CPU
		{CA56F3F9-E159-4A6F-A06C-AF31AD72E1DB}.SingleImage|Any CPU.ActiveCfg = Release|Any CPU
		{CA56F3F9-E159-4A6F-A06C-AF31AD72E1DB}.SingleImage|Any CPU.Build.0 = Release|Any CPU
		{CA56F3F9-E159-4A6F-A06C-AF31AD72E1DB}.SingleImage|ARM.ActiveCfg = Debug|Any CPU
		{CA56F3F9-E159-4A6F-A06C-AF31AD72E1DB}.SingleImage|ARM.Build.0 = Debug|Any CPU
		{CA56F3F9-E159-4A6F-A06C-AF31AD72E1DB}.SingleImage|ARM64.ActiveCfg = Debug|Any CPU
		{CA56F3F9-E159-4A6F-A06C-AF31AD72E1DB}.SingleImage|ARM64.Build.0 = Debug|Any CPU
		{CA56F3F9-E159-4A6F-A06C-AF31AD72E1DB}.SingleImage|x64.ActiveCfg = Debug|Any CPU
		{CA56F3F9-E159-4A6F-A06C-AF31AD72E1DB}.SingleImage|x64.Build.0 = Debug|Any CPU
		{CA56F3F9-E159-4A6F-A06C-AF31AD72E1DB}.SingleImage|x86.ActiveCfg = Debug|Any CPU
		{CA56F3F9-E159-4A6F-A06C-AF31AD72E1DB}.SingleImage|x86.Build.0 = Debug|Any CPU
		{319883C3-7135-428A-977F-ADA27EE84010}.CD_ROM|Any CPU.ActiveCfg = Release|Any CPU
		{319883C3-7135-428A-977F-ADA27EE84010}.CD_ROM|Any CPU.Build.0 = Release|Any CPU
		{319883C3-7135-428A-977F-ADA27EE84010}.CD_ROM|Any CPU.Deploy.0 = Release|Any CPU
		{319883C3-7135-428A-977F-ADA27EE84010}.CD_ROM|ARM.ActiveCfg = Debug|ARM
		{319883C3-7135-428A-977F-ADA27EE84010}.CD_ROM|ARM.Build.0 = Debug|ARM
		{319883C3-7135-428A-977F-ADA27EE84010}.CD_ROM|ARM.Deploy.0 = Debug|ARM
		{319883C3-7135-428A-977F-ADA27EE84010}.CD_ROM|ARM64.ActiveCfg = Debug|ARM64
		{319883C3-7135-428A-977F-ADA27EE84010}.CD_ROM|ARM64.Build.0 = Debug|ARM64
		{319883C3-7135-428A-977F-ADA27EE84010}.CD_ROM|ARM64.Deploy.0 = Debug|ARM64
		{319883C3-7135-428A-977F-ADA27EE84010}.CD_ROM|x64.ActiveCfg = Debug|x64
		{319883C3-7135-428A-977F-ADA27EE84010}.CD_ROM|x64.Build.0 = Debug|x64
		{319883C3-7135-428A-977F-ADA27EE84010}.CD_ROM|x64.Deploy.0 = Debug|x64
		{319883C3-7135-428A-977F-ADA27EE84010}.CD_ROM|x86.ActiveCfg = Debug|x86
		{319883C3-7135-428A-977F-ADA27EE84010}.CD_ROM|x86.Build.0 = Debug|x86
		{319883C3-7135-428A-977F-ADA27EE84010}.CD_ROM|x86.Deploy.0 = Debug|x86
		{319883C3-7135-428A-977F-ADA27EE84010}.Debug|Any CPU.ActiveCfg = Debug|Any CPU
		{319883C3-7135-428A-977F-ADA27EE84010}.Debug|Any CPU.Build.0 = Debug|Any CPU
		{319883C3-7135-428A-977F-ADA27EE84010}.Debug|Any CPU.Deploy.0 = Debug|Any CPU
		{319883C3-7135-428A-977F-ADA27EE84010}.Debug|ARM.ActiveCfg = Debug|ARM
		{319883C3-7135-428A-977F-ADA27EE84010}.Debug|ARM.Build.0 = Debug|ARM
		{319883C3-7135-428A-977F-ADA27EE84010}.Debug|ARM.Deploy.0 = Debug|ARM
		{319883C3-7135-428A-977F-ADA27EE84010}.Debug|ARM64.ActiveCfg = Debug|ARM64
		{319883C3-7135-428A-977F-ADA27EE84010}.Debug|ARM64.Build.0 = Debug|ARM64
		{319883C3-7135-428A-977F-ADA27EE84010}.Debug|ARM64.Deploy.0 = Debug|ARM64
		{319883C3-7135-428A-977F-ADA27EE84010}.Debug|x64.ActiveCfg = Debug|x64
		{319883C3-7135-428A-977F-ADA27EE84010}.Debug|x64.Build.0 = Debug|x64
		{319883C3-7135-428A-977F-ADA27EE84010}.Debug|x64.Deploy.0 = Debug|x64
		{319883C3-7135-428A-977F-ADA27EE84010}.Debug|x86.ActiveCfg = Debug|x86
		{319883C3-7135-428A-977F-ADA27EE84010}.Debug|x86.Build.0 = Debug|x86
		{319883C3-7135-428A-977F-ADA27EE84010}.Debug|x86.Deploy.0 = Debug|x86
		{319883C3-7135-428A-977F-ADA27EE84010}.DVD-5|Any CPU.ActiveCfg = Debug|Any CPU
		{319883C3-7135-428A-977F-ADA27EE84010}.DVD-5|Any CPU.Build.0 = Debug|Any CPU
		{319883C3-7135-428A-977F-ADA27EE84010}.DVD-5|Any CPU.Deploy.0 = Debug|Any CPU
		{319883C3-7135-428A-977F-ADA27EE84010}.DVD-5|ARM.ActiveCfg = Debug|ARM
		{319883C3-7135-428A-977F-ADA27EE84010}.DVD-5|ARM.Build.0 = Debug|ARM
		{319883C3-7135-428A-977F-ADA27EE84010}.DVD-5|ARM.Deploy.0 = Debug|ARM
		{319883C3-7135-428A-977F-ADA27EE84010}.DVD-5|ARM64.ActiveCfg = Debug|ARM64
		{319883C3-7135-428A-977F-ADA27EE84010}.DVD-5|ARM64.Build.0 = Debug|ARM64
		{319883C3-7135-428A-977F-ADA27EE84010}.DVD-5|ARM64.Deploy.0 = Debug|ARM64
		{319883C3-7135-428A-977F-ADA27EE84010}.DVD-5|x64.ActiveCfg = Debug|x64
		{319883C3-7135-428A-977F-ADA27EE84010}.DVD-5|x64.Build.0 = Debug|x64
		{319883C3-7135-428A-977F-ADA27EE84010}.DVD-5|x64.Deploy.0 = Debug|x64
		{319883C3-7135-428A-977F-ADA27EE84010}.DVD-5|x86.ActiveCfg = Debug|x86
		{319883C3-7135-428A-977F-ADA27EE84010}.DVD-5|x86.Build.0 = Debug|x86
		{319883C3-7135-428A-977F-ADA27EE84010}.DVD-5|x86.Deploy.0 = Debug|x86
		{319883C3-7135-428A-977F-ADA27EE84010}.Release|Any CPU.ActiveCfg = Release|Any CPU
		{319883C3-7135-428A-977F-ADA27EE84010}.Release|Any CPU.Build.0 = Release|Any CPU
		{319883C3-7135-428A-977F-ADA27EE84010}.Release|Any CPU.Deploy.0 = Release|Any CPU
		{319883C3-7135-428A-977F-ADA27EE84010}.Release|ARM.ActiveCfg = Release|ARM
		{319883C3-7135-428A-977F-ADA27EE84010}.Release|ARM.Build.0 = Release|ARM
		{319883C3-7135-428A-977F-ADA27EE84010}.Release|ARM.Deploy.0 = Release|ARM
		{319883C3-7135-428A-977F-ADA27EE84010}.Release|ARM64.ActiveCfg = Release|ARM64
		{319883C3-7135-428A-977F-ADA27EE84010}.Release|ARM64.Build.0 = Release|ARM64
		{319883C3-7135-428A-977F-ADA27EE84010}.Release|ARM64.Deploy.0 = Release|ARM64
		{319883C3-7135-428A-977F-ADA27EE84010}.Release|x64.ActiveCfg = Release|x64
		{319883C3-7135-428A-977F-ADA27EE84010}.Release|x64.Build.0 = Release|x64
		{319883C3-7135-428A-977F-ADA27EE84010}.Release|x64.Deploy.0 = Release|x64
		{319883C3-7135-428A-977F-ADA27EE84010}.Release|x86.ActiveCfg = Release|x86
		{319883C3-7135-428A-977F-ADA27EE84010}.Release|x86.Build.0 = Release|x86
		{319883C3-7135-428A-977F-ADA27EE84010}.Release|x86.Deploy.0 = Release|x86
		{319883C3-7135-428A-977F-ADA27EE84010}.SingleImage|Any CPU.ActiveCfg = Release|Any CPU
		{319883C3-7135-428A-977F-ADA27EE84010}.SingleImage|Any CPU.Build.0 = Release|Any CPU
		{319883C3-7135-428A-977F-ADA27EE84010}.SingleImage|Any CPU.Deploy.0 = Release|Any CPU
		{319883C3-7135-428A-977F-ADA27EE84010}.SingleImage|ARM.ActiveCfg = Debug|ARM
		{319883C3-7135-428A-977F-ADA27EE84010}.SingleImage|ARM.Build.0 = Debug|ARM
		{319883C3-7135-428A-977F-ADA27EE84010}.SingleImage|ARM.Deploy.0 = Debug|ARM
		{319883C3-7135-428A-977F-ADA27EE84010}.SingleImage|ARM64.ActiveCfg = Debug|ARM64
		{319883C3-7135-428A-977F-ADA27EE84010}.SingleImage|ARM64.Build.0 = Debug|ARM64
		{319883C3-7135-428A-977F-ADA27EE84010}.SingleImage|ARM64.Deploy.0 = Debug|ARM64
		{319883C3-7135-428A-977F-ADA27EE84010}.SingleImage|x64.ActiveCfg = Debug|x64
		{319883C3-7135-428A-977F-ADA27EE84010}.SingleImage|x64.Build.0 = Debug|x64
		{319883C3-7135-428A-977F-ADA27EE84010}.SingleImage|x64.Deploy.0 = Debug|x64
		{319883C3-7135-428A-977F-ADA27EE84010}.SingleImage|x86.ActiveCfg = Debug|x86
		{319883C3-7135-428A-977F-ADA27EE84010}.SingleImage|x86.Build.0 = Debug|x86
		{319883C3-7135-428A-977F-ADA27EE84010}.SingleImage|x86.Deploy.0 = Debug|x86
	EndGlobalSection
	GlobalSection(SolutionProperties) = preSolution
		HideSolutionNode = FALSE
	EndGlobalSection
	GlobalSection(ExtensibilityGlobals) = postSolution
		SolutionGuid = {00716CAC-A831-445F-B7AF-2AF4AB3685B0}
	EndGlobalSection
EndGlobal
